# THIS IS AN AUTOGENERATED FILE. DO NOT EDIT THIS FILE DIRECTLY.
# yarn lockfile v1


"@types/vscode@^1.80.0":
  version "1.96.0"
  resolved "https://registry.yarnpkg.com/@types/vscode/-/vscode-1.96.0.tgz#3181004bf25d71677ae4aacdd7605a3fd7edf08e"
  integrity sha512-qvZbSZo+K4ZYmmDuaodMbAa67Pl6VDQzLKFka6rq+3WUTY4Kro7Bwoi0CuZLO/wema0ygcmpwow7zZfPJTs5jg==
