lockfileVersion: '9.0'

settings:
  autoInstallPeers: true
  excludeLinksFromLockfile: false

importers:

  .:
    devDependencies:
      '@types/vscode':
        specifier: ^1.80.0
        version: 1.96.0

packages:

  '@types/vscode@1.96.0':
    resolution: {integrity: sha512-qvZbSZo+K4ZYmmDuaodMbAa67Pl6VDQzLKFka6rq+3WUTY4Kro7Bwoi0CuZLO/wema0ygcmpwow7zZfPJTs5jg==}

snapshots:

  '@types/vscode@1.96.0': {}
